
Microsoft Visual Studio Solution File, Format Version 12.00
# Visual Studio 15
VisualStudioVersion = 15.0.26730.12
MinimumVisualStudioVersion = 10.0.40219.1
Project("{FAE04EC0-301F-11D3-BF4B-00C04F79EFBC}") = "Checkers.UI", "Checkers\Checkers.UI.csproj", "{DACA7B58-92E0-4B2D-BC95-1F7034D72E69}"
EndProject
Project("{FAE04EC0-301F-11D3-BF4B-00C04F79EFBC}") = "Checkers.Core", "Checkers.Core\Checkers.Core.csproj", "{3BDE47BD-6A96-418D-B9DB-094DC4DD4CD2}"
EndProject
Project("{FAE04EC0-301F-11D3-BF4B-00C04F79EFBC}") = "Checkers.Socket", "Checkers.Socket\Checkers.Socket.csproj", "{B8905B6B-FB46-4F36-8478-95EE75677E83}"
EndProject
Project("{FAE04EC0-301F-11D3-BF4B-00C04F79EFBC}") = "Checkers.RMI", "Checkers.RMI\Checkers.RMI.csproj", "{71B1BD50-BDEF-4257-9A25-92C260ED5D35}"
EndProject
Global
	GlobalSection(SolutionConfigurationPlatforms) = preSolution
		Debug|Any CPU = Debug|Any CPU
		Release|Any CPU = Release|Any CPU
	EndGlobalSection
	GlobalSection(ProjectConfigurationPlatforms) = postSolution
		{DACA7B58-92E0-4B2D-BC95-1F7034D72E69}.Debug|Any CPU.ActiveCfg = Debug|Any CPU
		{DACA7B58-92E0-4B2D-BC95-1F7034D72E69}.Debug|Any CPU.Build.0 = Debug|Any CPU
		{DACA7B58-92E0-4B2D-BC95-1F7034D72E69}.Release|Any CPU.ActiveCfg = Release|Any CPU
		{DACA7B58-92E0-4B2D-BC95-1F7034D72E69}.Release|Any CPU.Build.0 = Release|Any CPU
		{3BDE47BD-6A96-418D-B9DB-094DC4DD4CD2}.Debug|Any CPU.ActiveCfg = Debug|Any CPU
		{3BDE47BD-6A96-418D-B9DB-094DC4DD4CD2}.Debug|Any CPU.Build.0 = Debug|Any CPU
		{3BDE47BD-6A96-418D-B9DB-094DC4DD4CD2}.Release|Any CPU.ActiveCfg = Release|Any CPU
		{3BDE47BD-6A96-418D-B9DB-094DC4DD4CD2}.Release|Any CPU.Build.0 = Release|Any CPU
		{B8905B6B-FB46-4F36-8478-95EE75677E83}.Debug|Any CPU.ActiveCfg = Debug|Any CPU
		{B8905B6B-FB46-4F36-8478-95EE75677E83}.Debug|Any CPU.Build.0 = Debug|Any CPU
		{B8905B6B-FB46-4F36-8478-95EE75677E83}.Release|Any CPU.ActiveCfg = Release|Any CPU
		{B8905B6B-FB46-4F36-8478-95EE75677E83}.Release|Any CPU.Build.0 = Release|Any CPU
		{71B1BD50-BDEF-4257-9A25-92C260ED5D35}.Debug|Any CPU.ActiveCfg = Debug|Any CPU
		{71B1BD50-BDEF-4257-9A25-92C260ED5D35}.Debug|Any CPU.Build.0 = Debug|Any CPU
		{71B1BD50-BDEF-4257-9A25-92C260ED5D35}.Release|Any CPU.ActiveCfg = Release|Any CPU
		{71B1BD50-BDEF-4257-9A25-92C260ED5D35}.Release|Any CPU.Build.0 = Release|Any CPU
	EndGlobalSection
	GlobalSection(SolutionProperties) = preSolution
		HideSolutionNode = FALSE
	EndGlobalSection
	GlobalSection(ExtensibilityGlobals) = postSolution
		SolutionGuid = {36D3706B-5420-4D9D-B143-4752748F08AE}
	EndGlobalSection
EndGlobal
